<?xml version="1.0" encoding="utf-8"?>
<Project ToolsVersion="4.0" xmlns="http://schemas.microsoft.com/developer/msbuild/2003">
  <ItemGroup>
    <Filter Include="Source Files">
      <UniqueIdentifier>{4FC737F1-C7A5-4376-A066-2A32D752A2FF}</UniqueIdentifier>
      <Extensions>cpp;c;cc;cxx;def;odl;idl;hpj;bat;asm;asmx</Extensions>
    </Filter>
    <Filter Include="Header Files">
      <UniqueIdentifier>{93995380-89BD-4b04-88EB-625FBE52EBFB}</UniqueIdentifier>
      <Extensions>h;hpp;hxx;hm;inl;inc;xsd</Extensions>
    </Filter>
    <Filter Include="Resource Files">
      <UniqueIdentifier>{67DA6AB6-F800-4c08-8B7A-83BB121AAD01}</UniqueIdentifier>
      <Extensions>rc;ico;cur;bmp;dlg;rc2;rct;bin;rgs;gif;jpg;jpeg;jpe;resx;tiff;tif;png;wav;mfcribbon-ms</Extensions>
    </Filter>
    <Filter Include="Header Files\game objects">
      <UniqueIdentifier>{a2813659-2ad7-4f63-a76c-d149433ee03d}</UniqueIdentifier>
    </Filter>
    <Filter Include="Source Files\game object">
      <UniqueIdentifier>{14d1cf9a-0c78-4f6b-b562-7124c44af50b}</UniqueIdentifier>
    </Filter>
    <Filter Include="Header Files\helpers">
      <UniqueIdentifier>{f8a40d8f-0e9b-4117-8104-ed1a64b6329d}</UniqueIdentifier>
    </Filter>
    <Filter Include="Source Files\helpers">
      <UniqueIdentifier>{06cca7ca-adca-4064-9fd0-279fbeaf6a30}</UniqueIdentifier>
    </Filter>
  </ItemGroup>
  <ItemGroup>
    <ClCompile Include="main_new.cpp">
      <Filter>Source Files</Filter>
    </ClCompile>
    <ClCompile Include="directx.cpp">
      <Filter>Source Files</Filter>
    </ClCompile>
    <ClCompile Include="building.cpp">
      <Filter>Source Files\game object</Filter>
    </ClCompile>
    <ClCompile Include="debug.cpp">
      <Filter>Source Files\game object</Filter>
    </ClCompile>
    <ClCompile Include="map.cpp">
      <Filter>Source Files\game object</Filter>
    </ClCompile>
    <ClCompile Include="scene.cpp">
      <Filter>Source Files\game object</Filter>
    </ClCompile>
    <ClCompile Include="camera.cpp">
      <Filter>Source Files\game object</Filter>
    </ClCompile>
    <ClCompile Include="spaceship.cpp">
      <Filter>Source Files\game object</Filter>
    </ClCompile>
    <ClCompile Include="quaternion.cpp">
      <Filter>Source Files\helpers</Filter>
    </ClCompile>
    <ClCompile Include="bullet.cpp">
      <Filter>Source Files\game object</Filter>
    </ClCompile>
    <ClCompile Include="CInput.cpp">
      <Filter>Source Files</Filter>
    </ClCompile>
  </ItemGroup>
  <ItemGroup>
    <ClInclude Include="global.h">
      <Filter>Header Files</Filter>
    </ClInclude>
    <ClInclude Include="debug.h">
      <Filter>Header Files\game objects</Filter>
    </ClInclude>
    <ClInclude Include="building.h">
      <Filter>Header Files\game objects</Filter>
    </ClInclude>
    <ClInclude Include="map.h">
      <Filter>Header Files\game objects</Filter>
    </ClInclude>
    <ClInclude Include="scene.h">
      <Filter>Header Files\game objects</Filter>
    </ClInclude>
    <ClInclude Include="camera.h">
      <Filter>Header Files\game objects</Filter>
    </ClInclude>
    <ClInclude Include="spaceship.h">
      <Filter>Header Files\game objects</Filter>
    </ClInclude>
    <ClInclude Include="quaternion.h">
      <Filter>Header Files\helpers</Filter>
    </ClInclude>
    <ClInclude Include="bullet.h">
      <Filter>Header Files\game objects</Filter>
    </ClInclude>
    <ClInclude Include="CInput.h">
      <Filter>Header Files\game objects</Filter>
    </ClInclude>
  </ItemGroup>
</Project>